{
  "version": "4",
  "specifiers": {
    "jsr:@std/assert@1": "1.0.7",
    "jsr:@std/bytes@^1.0.2": "1.0.3",
    "jsr:@std/cli@*": "1.0.6",
    "jsr:@std/cli@^1.0.6": "1.0.6",
    "jsr:@std/crypto@^1.0.3": "1.0.3",
    "jsr:@std/datetime@~0.225.2": "0.225.2",
    "jsr:@std/internal@^1.0.5": "1.0.5",
    "jsr:@std/uuid@*": "1.0.4",
    "jsr:@std/uuid@^1.0.4": "1.0.4",
    "npm:@types/amqplib@~0.10.5": "0.10.5",
    "npm:amqplib@*": "0.10.4",
    "npm:amqplib@~0.10.4": "0.10.4"
  },
  "jsr": {
    "@std/assert@1.0.7": {
      "integrity": "64ce9fac879e0b9f3042a89b3c3f8ccfc9c984391af19e2087513a79d73e28c3",
      "dependencies": [
        "jsr:@std/internal"
      ]
    },
    "@std/bytes@1.0.3": {
      "integrity": "e5d5b9e685966314e4edb4be60dfc4bd7624a075bfd4ec8109252b4320f76452"
    },
    "@std/cli@1.0.6": {
      "integrity": "d22d8b38c66c666d7ad1f2a66c5b122da1704f985d3c47f01129f05abb6c5d3d"
    },
    "@std/crypto@1.0.3": {
      "integrity": "a2a32f51ddef632d299e3879cd027c630dcd4d1d9a5285d6e6788072f4e51e7f"
    },
    "@std/datetime@0.225.2": {
      "integrity": "45f0100554a912cd65f48089ef0a33aa1eb6ea21f08090840b539ab582827eaa"
    },
    "@std/internal@1.0.5": {
      "integrity": "54a546004f769c1ac9e025abd15a76b6671ddc9687e2313b67376125650dc7ba"
    },
    "@std/uuid@1.0.4": {
      "integrity": "f4233149cc8b4753cc3763fd83a7c4101699491f55c7be78dc7b30281946d7a0",
      "dependencies": [
        "jsr:@std/bytes",
        "jsr:@std/crypto"
      ]
    }
  },
  "npm": {
    "@acuminous/bitsyntax@0.1.2": {
      "integrity": "sha512-29lUK80d1muEQqiUsSo+3A0yP6CdspgC95EnKBMi22Xlwt79i/En4Vr67+cXhU+cZjbti3TgGGC5wy1stIywVQ==",
      "dependencies": [
        "buffer-more-ints",
        "debug",
        "safe-buffer"
      ]
    },
    "@types/amqplib@0.10.5": {
      "integrity": "sha512-/cSykxROY7BWwDoi4Y4/jLAuZTshZxd8Ey1QYa/VaXriMotBDoou7V/twJiOSHzU6t1Kp1AHAUXGCgqq+6DNeg==",
      "dependencies": [
        "@types/node"
      ]
    },
    "@types/node@22.5.4": {
      "integrity": "sha512-FDuKUJQm/ju9fT/SeX/6+gBzoPzlVCzfzmGkwKvRHQVxi4BntVbyIwf6a4Xn62mrvndLiml6z/UBXIdEVjQLXg==",
      "dependencies": [
        "undici-types"
      ]
    },
    "amqplib@0.10.4": {
      "integrity": "sha512-DMZ4eCEjAVdX1II2TfIUpJhfKAuoCeDIo/YyETbfAqehHTXxxs7WOOd+N1Xxr4cKhx12y23zk8/os98FxlZHrw==",
      "dependencies": [
        "@acuminous/bitsyntax",
        "buffer-more-ints",
        "readable-stream",
        "url-parse"
      ]
    },
    "buffer-more-ints@1.0.0": {
      "integrity": "sha512-EMetuGFz5SLsT0QTnXzINh4Ksr+oo4i+UGTXEshiGCQWnsgSs7ZhJ8fzlwQ+OzEMs0MpDAMr1hxnblp5a4vcHg=="
    },
    "core-util-is@1.0.3": {
      "integrity": "sha512-ZQBvi1DcpJ4GDqanjucZ2Hj3wEO5pZDS89BWbkcrvdxksJorwUDDZamX9ldFkp9aw2lmBDLgkObEA4DWNJ9FYQ=="
    },
    "debug@4.3.7": {
      "integrity": "sha512-Er2nc/H7RrMXZBFCEim6TCmMk02Z8vLC2Rbi1KEBggpo0fS6l0S1nnapwmIi3yW/+GOJap1Krg4w0Hg80oCqgQ==",
      "dependencies": [
        "ms"
      ]
    },
    "inherits@2.0.4": {
      "integrity": "sha512-k/vGaX4/Yla3WzyMCvTQOXYeIHvqOKtnqBduzTHpzpQZzAskKMhZ2K+EnBiSM9zGSoIFeMpXKxa4dYeZIQqewQ=="
    },
    "isarray@0.0.1": {
      "integrity": "sha512-D2S+3GLxWH+uhrNEcoh/fnmYeP8E8/zHl644d/jdA0g2uyXvy3sb0qxotE+ne0LtccHknQzWwZEzhak7oJ0COQ=="
    },
    "ms@2.1.3": {
      "integrity": "sha512-6FlzubTLZG3J2a/NVCAleEhjzq5oxgHyaCU9yYXvcLsvoVaHJq/s5xXI6/XXP6tz7R9xAOtHnSO/tXtF3WRTlA=="
    },
    "querystringify@2.2.0": {
      "integrity": "sha512-FIqgj2EUvTa7R50u0rGsyTftzjYmv/a3hO345bZNrqabNqjtgiDMgmo4mkUjd+nzU5oF3dClKqFIPUKybUyqoQ=="
    },
    "readable-stream@1.1.14": {
      "integrity": "sha512-+MeVjFf4L44XUkhM1eYbD8fyEsxcV81pqMSR5gblfcLCHfZvbrqy4/qYHE+/R5HoBUT11WV5O08Cr1n3YXkWVQ==",
      "dependencies": [
        "core-util-is",
        "inherits",
        "isarray",
        "string_decoder"
      ]
    },
    "requires-port@1.0.0": {
      "integrity": "sha512-KigOCHcocU3XODJxsu8i/j8T9tzT4adHiecwORRQ0ZZFcp7ahwXuRU1m+yuO90C5ZUyGeGfocHDI14M3L3yDAQ=="
    },
    "safe-buffer@5.1.2": {
      "integrity": "sha512-Gd2UZBJDkXlY7GbJxfsE8/nvKkUEU1G38c1siN6QP6a9PT9MmHB8GnpscSmMJSoF8LOIrt8ud/wPtojys4G6+g=="
    },
    "string_decoder@0.10.31": {
      "integrity": "sha512-ev2QzSzWPYmy9GuqfIVildA4OdcGLeFZQrq5ys6RtiuF+RQQiZWr8TZNyAcuVXyQRYfEO+MsoB/1BuQVhOJuoQ=="
    },
    "undici-types@6.19.8": {
      "integrity": "sha512-ve2KP6f/JnbPBFyobGHuerC9g1FYGn/F8n1LWTwNxCEzd6IfqTwUQcNXgEtmmQ6DlRrC1hrSrBnCZPokRrDHjw=="
    },
    "url-parse@1.5.10": {
      "integrity": "sha512-WypcfiRhfeUP9vvF0j6rw0J3hrWrw6iZv3+22h6iRMJ/8z1Tj6XfLP4DsUix5MhMPnXpiHDoKyoZ/bdCkwBCiQ==",
      "dependencies": [
        "querystringify",
        "requires-port"
      ]
    }
  },
  "workspace": {
    "dependencies": [
      "jsr:@std/assert@1",
      "jsr:@std/cli@^1.0.6",
      "jsr:@std/datetime@~0.225.2",
      "jsr:@std/uuid@^1.0.4",
      "npm:@types/amqplib@~0.10.5",
      "npm:amqplib@~0.10.4"
    ]
  }
}
